PODS:
  - HHTabBarController (0.1.0)

DEPENDENCIES:
  - HHTabBarController (from `../`)

EXTERNAL SOURCES:
  HHTabBarController:
    :path: "../"

SPEC CHECKSUMS:
  HHTabBarController: 15bbf919d7a1c08a73df0aa51f31523245d24619

PODFILE CHECKSUM: d2659dafad10782665df7410060733c51499a737

COCOAPODS: 1.8.4
