PODS:
  - HHTabBarController (0.1.0)

DEPENDENCIES:
  - HHTabBarController (from `../`)

EXTERNAL SOURCES:
  HHTabBarController:
    :path: "../"

SPEC CHECKSUMS:
  HHTabBarController: 4f7ba750e68107c15d5e9d4d8fcb486d5a7da567

PODFILE CHECKSUM: d2659dafad10782665df7410060733c51499a737

COCOAPODS: 1.8.4
